// !$*UTF8*$!
{
	archiveVersion = 1;
	classes = {
	};
	objectVersion = 56;
	objects = {

/* Begin PBXBuildFile section */
		CA1E756929414DB8005888E8 /* BusinessMap.swift in Sources */ = {isa = PBXBuildFile; fileRef = CA1E756829414DB8005888E8 /* BusinessMap.swift */; };
		CA3140B4293E67F3005A1AD1 /* businessDetail.swift in Sources */ = {isa = PBXBuildFile; fileRef = CA3140B3293E67F3005A1AD1 /* businessDetail.swift */; };
		CA380B8E29357CBE00288B44 /* CitySightsApp.swift in Sources */ = {isa = PBXBuildFile; fileRef = CA380B8D29357CBE00288B44 /* CitySightsApp.swift */; };
		CA380B9029357CBE00288B44 /* LaunchView.swift in Sources */ = {isa = PBXBuildFile; fileRef = CA380B8F29357CBE00288B44 /* LaunchView.swift */; };
		CA380B9229357CBF00288B44 /* Assets.xcassets in Resources */ = {isa = PBXBuildFile; fileRef = CA380B9129357CBF00288B44 /* Assets.xcassets */; };
		CA380B9529357CBF00288B44 /* Preview Assets.xcassets in Resources */ = {isa = PBXBuildFile; fileRef = CA380B9429357CBF00288B44 /* Preview Assets.xcassets */; };
		CA380B9F293580B500288B44 /* ContentModel.swift in Sources */ = {isa = PBXBuildFile; fileRef = CA380B9E293580B500288B44 /* ContentModel.swift */; };
		CAB98FFD29385AC600F353E1 /* business.swift in Sources */ = {isa = PBXBuildFile; fileRef = CAB98FFC29385AC600F353E1 /* business.swift */; };
		CAB98FFF29385F3D00F353E1 /* BusinessSearch.swift in Sources */ = {isa = PBXBuildFile; fileRef = CAB98FFE29385F3D00F353E1 /* BusinessSearch.swift */; };
		CAB9900229394ADC00F353E1 /* Constants.swift in Sources */ = {isa = PBXBuildFile; fileRef = CAB9900129394ADC00F353E1 /* Constants.swift */; };
		CAB990072939744500F353E1 /* HomeView.swift in Sources */ = {isa = PBXBuildFile; fileRef = CAB990062939744500F353E1 /* HomeView.swift */; };
		CAB9900A29397EB000F353E1 /* BusinessList.swift in Sources */ = {isa = PBXBuildFile; fileRef = CAB9900929397EB000F353E1 /* BusinessList.swift */; };
		CAB9900C293A5E4900F353E1 /* BusinessSectionheader.swift in Sources */ = {isa = PBXBuildFile; fileRef = CAB9900B293A5E4900F353E1 /* BusinessSectionheader.swift */; };
		CAB9900E293A5FF900F353E1 /* BusinessSection.swift in Sources */ = {isa = PBXBuildFile; fileRef = CAB9900D293A5FF900F353E1 /* BusinessSection.swift */; };
		CAB99010293A94A000F353E1 /* BusinessRow.swift in Sources */ = {isa = PBXBuildFile; fileRef = CAB9900F293A94A000F353E1 /* BusinessRow.swift */; };
/* End PBXBuildFile section */

/* Begin PBXFileReference section */
		CA1E756829414DB8005888E8 /* BusinessMap.swift */ = {isa = PBXFileReference; lastKnownFileType = sourcecode.swift; path = BusinessMap.swift; sourceTree = "<group>"; };
		CA3140B3293E67F3005A1AD1 /* businessDetail.swift */ = {isa = PBXFileReference; lastKnownFileType = sourcecode.swift; path = businessDetail.swift; sourceTree = "<group>"; };
		CA380B8A29357CBE00288B44 /* City Sights App.app */ = {isa = PBXFileReference; explicitFileType = wrapper.application; includeInIndex = 0; path = "City Sights App.app"; sourceTree = BUILT_PRODUCTS_DIR; };
		CA380B8D29357CBE00288B44 /* CitySightsApp.swift */ = {isa = PBXFileReference; lastKnownFileType = sourcecode.swift; path = CitySightsApp.swift; sourceTree = "<group>"; };
		CA380B8F29357CBE00288B44 /* LaunchView.swift */ = {isa = PBXFileReference; lastKnownFileType = sourcecode.swift; path = LaunchView.swift; sourceTree = "<group>"; };
		CA380B9129357CBF00288B44 /* Assets.xcassets */ = {isa = PBXFileReference; lastKnownFileType = folder.assetcatalog; path = Assets.xcassets; sourceTree = "<group>"; };
		CA380B9429357CBF00288B44 /* Preview Assets.xcassets */ = {isa = PBXFileReference; lastKnownFileType = folder.assetcatalog; path = "Preview Assets.xcassets"; sourceTree = "<group>"; };
		CA380B9E293580B500288B44 /* ContentModel.swift */ = {isa = PBXFileReference; lastKnownFileType = sourcecode.swift; path = ContentModel.swift; sourceTree = "<group>"; };
		CAB98FFC29385AC600F353E1 /* business.swift */ = {isa = PBXFileReference; lastKnownFileType = sourcecode.swift; path = business.swift; sourceTree = "<group>"; };
		CAB98FFE29385F3D00F353E1 /* BusinessSearch.swift */ = {isa = PBXFileReference; lastKnownFileType = sourcecode.swift; path = BusinessSearch.swift; sourceTree = "<group>"; };
		CAB9900129394ADC00F353E1 /* Constants.swift */ = {isa = PBXFileReference; lastKnownFileType = sourcecode.swift; path = Constants.swift; sourceTree = "<group>"; };
		CAB990062939744500F353E1 /* HomeView.swift */ = {isa = PBXFileReference; lastKnownFileType = sourcecode.swift; path = HomeView.swift; sourceTree = "<group>"; };
		CAB9900929397EB000F353E1 /* BusinessList.swift */ = {isa = PBXFileReference; lastKnownFileType = sourcecode.swift; path = BusinessList.swift; sourceTree = "<group>"; };
		CAB9900B293A5E4900F353E1 /* BusinessSectionheader.swift */ = {isa = PBXFileReference; lastKnownFileType = sourcecode.swift; path = BusinessSectionheader.swift; sourceTree = "<group>"; };
		CAB9900D293A5FF900F353E1 /* BusinessSection.swift */ = {isa = PBXFileReference; lastKnownFileType = sourcecode.swift; path = BusinessSection.swift; sourceTree = "<group>"; };
		CAB9900F293A94A000F353E1 /* BusinessRow.swift */ = {isa = PBXFileReference; lastKnownFileType = sourcecode.swift; path = BusinessRow.swift; sourceTree = "<group>"; };
/* End PBXFileReference section */

/* Begin PBXFrameworksBuildPhase section */
		CA380B8729357CBE00288B44 /* Frameworks */ = {
			isa = PBXFrameworksBuildPhase;
			buildActionMask = 2147483647;
			files = (
			);
			runOnlyForDeploymentPostprocessing = 0;
		};
/* End PBXFrameworksBuildPhase section */

/* Begin PBXGroup section */
		CA1E756729414D90005888E8 /* Map */ = {
			isa = PBXGroup;
			children = (
				CA1E756829414DB8005888E8 /* BusinessMap.swift */,
			);
			path = Map;
			sourceTree = "<group>";
		};
		CA3140B2293E67D5005A1AD1 /* Detail */ = {
			isa = PBXGroup;
			children = (
				CA3140B3293E67F3005A1AD1 /* businessDetail.swift */,
			);
			path = Detail;
			sourceTree = "<group>";
		};
		CA380B8129357CBE00288B44 = {
			isa = PBXGroup;
			children = (
				CA380B8C29357CBE00288B44 /* City Sights App */,
				CA380B8B29357CBE00288B44 /* Products */,
			);
			sourceTree = "<group>";
		};
		CA380B8B29357CBE00288B44 /* Products */ = {
			isa = PBXGroup;
			children = (
				CA380B8A29357CBE00288B44 /* City Sights App.app */,
			);
			name = Products;
			sourceTree = "<group>";
		};
		CA380B8C29357CBE00288B44 /* City Sights App */ = {
			isa = PBXGroup;
			children = (
				CA380B8D29357CBE00288B44 /* CitySightsApp.swift */,
				CA380B9D29357CF600288B44 /* Model */,
				CA380B9B29357CD300288B44 /* Views */,
				CA380B9C29357CE600288B44 /* ViewModel */,
				CAB9900029394ACD00F353E1 /* helpers */,
				CA380B9129357CBF00288B44 /* Assets.xcassets */,
				CA380B9329357CBF00288B44 /* Preview Content */,
			);
			path = "City Sights App";
			sourceTree = "<group>";
		};
		CA380B9329357CBF00288B44 /* Preview Content */ = {
			isa = PBXGroup;
			children = (
				CA380B9429357CBF00288B44 /* Preview Assets.xcassets */,
			);
			path = "Preview Content";
			sourceTree = "<group>";
		};
		CA380B9B29357CD300288B44 /* Views */ = {
			isa = PBXGroup;
			children = (
				CA380B8F29357CBE00288B44 /* LaunchView.swift */,
				CAB990032939615F00F353E1 /* Home */,
				CAB990042939617000F353E1 /* Denied */,
				CAB990052939617800F353E1 /* Onboarding */,
			);
			path = Views;
			sourceTree = "<group>";
		};
		CA380B9C29357CE600288B44 /* ViewModel */ = {
			isa = PBXGroup;
			children = (
				CA380B9E293580B500288B44 /* ContentModel.swift */,
			);
			path = ViewModel;
			sourceTree = "<group>";
		};
		CA380B9D29357CF600288B44 /* Model */ = {
			isa = PBXGroup;
			children = (
				CAB98FFC29385AC600F353E1 /* business.swift */,
				CAB98FFE29385F3D00F353E1 /* BusinessSearch.swift */,
			);
			path = Model;
			sourceTree = "<group>";
		};
		CAB9900029394ACD00F353E1 /* helpers */ = {
			isa = PBXGroup;
			children = (
				CAB9900129394ADC00F353E1 /* Constants.swift */,
			);
			path = helpers;
			sourceTree = "<group>";
		};
		CAB990032939615F00F353E1 /* Home */ = {
			isa = PBXGroup;
			children = (
				CAB990062939744500F353E1 /* HomeView.swift */,
				CA3140B2293E67D5005A1AD1 /* Detail */,
				CA1E756729414D90005888E8 /* Map */,
				CAB9900829397E9600F353E1 /* List */,
			);
			path = Home;
			sourceTree = "<group>";
		};
		CAB990042939617000F353E1 /* Denied */ = {
			isa = PBXGroup;
			children = (
			);
			path = Denied;
			sourceTree = "<group>";
		};
		CAB990052939617800F353E1 /* Onboarding */ = {
			isa = PBXGroup;
			children = (
			);
			path = Onboarding;
			sourceTree = "<group>";
		};
		CAB9900829397E9600F353E1 /* List */ = {
			isa = PBXGroup;
			children = (
				CAB9900929397EB000F353E1 /* BusinessList.swift */,
				CAB9900D293A5FF900F353E1 /* BusinessSection.swift */,
				CAB9900B293A5E4900F353E1 /* BusinessSectionheader.swift */,
				CAB9900F293A94A000F353E1 /* BusinessRow.swift */,
			);
			path = List;
			sourceTree = "<group>";
		};
/* End PBXGroup section */

/* Begin PBXNativeTarget section */
		CA380B8929357CBE00288B44 /* City Sights App */ = {
			isa = PBXNativeTarget;
			buildConfigurationList = CA380B9829357CBF00288B44 /* Build configuration list for PBXNativeTarget "City Sights App" */;
			buildPhases = (
				CA380B8629357CBE00288B44 /* Sources */,
				CA380B8729357CBE00288B44 /* Frameworks */,
				CA380B8829357CBE00288B44 /* Resources */,
			);
			buildRules = (
			);
			dependencies = (
			);
			name = "City Sights App";
			productName = "City Sights App";
			productReference = CA380B8A29357CBE00288B44 /* City Sights App.app */;
			productType = "com.apple.product-type.application";
		};
/* End PBXNativeTarget section */

/* Begin PBXProject section */
		CA380B8229357CBE00288B44 /* Project object */ = {
			isa = PBXProject;
			attributes = {
				BuildIndependentTargetsInParallel = 1;
				LastSwiftUpdateCheck = 1410;
				LastUpgradeCheck = 1410;
				TargetAttributes = {
					CA380B8929357CBE00288B44 = {
						CreatedOnToolsVersion = 14.1;
					};
				};
			};
			buildConfigurationList = CA380B8529357CBE00288B44 /* Build configuration list for PBXProject "City Sights App" */;
			compatibilityVersion = "Xcode 14.0";
			developmentRegion = en;
			hasScannedForEncodings = 0;
			knownRegions = (
				en,
				Base,
			);
			mainGroup = CA380B8129357CBE00288B44;
			productRefGroup = CA380B8B29357CBE00288B44 /* Products */;
			projectDirPath = "";
			projectRoot = "";
			targets = (
				CA380B8929357CBE00288B44 /* City Sights App */,
			);
		};
/* End PBXProject section */

/* Begin PBXResourcesBuildPhase section */
		CA380B8829357CBE00288B44 /* Resources */ = {
			isa = PBXResourcesBuildPhase;
			buildActionMask = 2147483647;
			files = (
				CA380B9529357CBF00288B44 /* Preview Assets.xcassets in Resources */,
				CA380B9229357CBF00288B44 /* Assets.xcassets in Resources */,
			);
			runOnlyForDeploymentPostprocessing = 0;
		};
/* End PBXResourcesBuildPhase section */

/* Begin PBXSourcesBuildPhase section */
		CA380B8629357CBE00288B44 /* Sources */ = {
			isa = PBXSourcesBuildPhase;
			buildActionMask = 2147483647;
			files = (
				CA380B9029357CBE00288B44 /* LaunchView.swift in Sources */,
				CAB99010293A94A000F353E1 /* BusinessRow.swift in Sources */,
				CAB990072939744500F353E1 /* HomeView.swift in Sources */,
				CAB98FFD29385AC600F353E1 /* business.swift in Sources */,
				CA380B8E29357CBE00288B44 /* CitySightsApp.swift in Sources */,
				CAB98FFF29385F3D00F353E1 /* BusinessSearch.swift in Sources */,
				CA3140B4293E67F3005A1AD1 /* businessDetail.swift in Sources */,
				CAB9900A29397EB000F353E1 /* BusinessList.swift in Sources */,
				CA380B9F293580B500288B44 /* ContentModel.swift in Sources */,
				CA1E756929414DB8005888E8 /* BusinessMap.swift in Sources */,
				CAB9900E293A5FF900F353E1 /* BusinessSection.swift in Sources */,
				CAB9900229394ADC00F353E1 /* Constants.swift in Sources */,
				CAB9900C293A5E4900F353E1 /* BusinessSectionheader.swift in Sources */,
			);
			runOnlyForDeploymentPostprocessing = 0;
		};
/* End PBXSourcesBuildPhase section */

/* Begin XCBuildConfiguration section */
		CA380B9629357CBF00288B44 /* Debug */ = {
			isa = XCBuildConfiguration;
			buildSettings = {
				ALWAYS_SEARCH_USER_PATHS = NO;
				CLANG_ANALYZER_NONNULL = YES;
				CLANG_ANALYZER_NUMBER_OBJECT_CONVERSION = YES_AGGRESSIVE;
				CLANG_CXX_LANGUAGE_STANDARD = "gnu++20";
				CLANG_ENABLE_MODULES = YES;
				CLANG_ENABLE_OBJC_ARC = YES;
				CLANG_ENABLE_OBJC_WEAK = YES;
				CLANG_WARN_BLOCK_CAPTURE_AUTORELEASING = YES;
				CLANG_WARN_BOOL_CONVERSION = YES;
				CLANG_WARN_COMMA = YES;
				CLANG_WARN_CONSTANT_CONVERSION = YES;
				CLANG_WARN_DEPRECATED_OBJC_IMPLEMENTATIONS = YES;
				CLANG_WARN_DIRECT_OBJC_ISA_USAGE = YES_ERROR;
				CLANG_WARN_DOCUMENTATION_COMMENTS = YES;
				CLANG_WARN_EMPTY_BODY = YES;
				CLANG_WARN_ENUM_CONVERSION = YES;
				CLANG_WARN_INFINITE_RECURSION = YES;
				CLANG_WARN_INT_CONVERSION = YES;
				CLANG_WARN_NON_LITERAL_NULL_CONVERSION = YES;
				CLANG_WARN_OBJC_IMPLICIT_RETAIN_SELF = YES;
				CLANG_WARN_OBJC_LITERAL_CONVERSION = YES;
				CLANG_WARN_OBJC_ROOT_CLASS = YES_ERROR;
				CLANG_WARN_QUOTED_INCLUDE_IN_FRAMEWORK_HEADER = YES;
				CLANG_WARN_RANGE_LOOP_ANALYSIS = YES;
				CLANG_WARN_STRICT_PROTOTYPES = YES;
				CLANG_WARN_SUSPICIOUS_MOVE = YES;
				CLANG_WARN_UNGUARDED_AVAILABILITY = YES_AGGRESSIVE;
				CLANG_WARN_UNREACHABLE_CODE = YES;
				CLANG_WARN__DUPLICATE_METHOD_MATCH = YES;
				COPY_PHASE_STRIP = NO;
				DEBUG_INFORMATION_FORMAT = dwarf;
				ENABLE_STRICT_OBJC_MSGSEND = YES;
				ENABLE_TESTABILITY = YES;
				GCC_C_LANGUAGE_STANDARD = gnu11;
				GCC_DYNAMIC_NO_PIC = NO;
				GCC_NO_COMMON_BLOCKS = YES;
				GCC_OPTIMIZATION_LEVEL = 0;
				GCC_PREPROCESSOR_DEFINITIONS = (
					"DEBUG=1",
					"$(inherited)",
				);
				GCC_WARN_64_TO_32_BIT_CONVERSION = YES;
				GCC_WARN_ABOUT_RETURN_TYPE = YES_ERROR;
				GCC_WARN_UNDECLARED_SELECTOR = YES;
				GCC_WARN_UNINITIALIZED_AUTOS = YES_AGGRESSIVE;
				GCC_WARN_UNUSED_FUNCTION = YES;
				GCC_WARN_UNUSED_VARIABLE = YES;
				IPHONEOS_DEPLOYMENT_TARGET = 16.1;
				MTL_ENABLE_DEBUG_INFO = INCLUDE_SOURCE;
				MTL_FAST_MATH = YES;
				ONLY_ACTIVE_ARCH = YES;
				SDKROOT = iphoneos;
				SWIFT_ACTIVE_COMPILATION_CONDITIONS = DEBUG;
				SWIFT_OPTIMIZATION_LEVEL = "-Onone";
			};
			name = Debug;
		};
		CA380B9729357CBF00288B44 /* Release */ = {
			isa = XCBuildConfiguration;
			buildSettings = {
				ALWAYS_SEARCH_USER_PATHS = NO;
				CLANG_ANALYZER_NONNULL = YES;
				CLANG_ANALYZER_NUMBER_OBJECT_CONVERSION = YES_AGGRESSIVE;
				CLANG_CXX_LANGUAGE_STANDARD = "gnu++20";
				CLANG_ENABLE_MODULES = YES;
				CLANG_ENABLE_OBJC_ARC = YES;
				CLANG_ENABLE_OBJC_WEAK = YES;
				CLANG_WARN_BLOCK_CAPTURE_AUTORELEASING = YES;
				CLANG_WARN_BOOL_CONVERSION = YES;
				CLANG_WARN_COMMA = YES;
				CLANG_WARN_CONSTANT_CONVERSION = YES;
				CLANG_WARN_DEPRECATED_OBJC_IMPLEMENTATIONS = YES;
				CLANG_WARN_DIRECT_OBJC_ISA_USAGE = YES_ERROR;
				CLANG_WARN_DOCUMENTATION_COMMENTS = YES;
				CLANG_WARN_EMPTY_BODY = YES;
				CLANG_WARN_ENUM_CONVERSION = YES;
				CLANG_WARN_INFINITE_RECURSION = YES;
				CLANG_WARN_INT_CONVERSION = YES;
				CLANG_WARN_NON_LITERAL_NULL_CONVERSION = YES;
				CLANG_WARN_OBJC_IMPLICIT_RETAIN_SELF = YES;
				CLANG_WARN_OBJC_LITERAL_CONVERSION = YES;
				CLANG_WARN_OBJC_ROOT_CLASS = YES_ERROR;
				CLANG_WARN_QUOTED_INCLUDE_IN_FRAMEWORK_HEADER = YES;
				CLANG_WARN_RANGE_LOOP_ANALYSIS = YES;
				CLANG_WARN_STRICT_PROTOTYPES = YES;
				CLANG_WARN_SUSPICIOUS_MOVE = YES;
				CLANG_WARN_UNGUARDED_AVAILABILITY = YES_AGGRESSIVE;
				CLANG_WARN_UNREACHABLE_CODE = YES;
				CLANG_WARN__DUPLICATE_METHOD_MATCH = YES;
				COPY_PHASE_STRIP = NO;
				DEBUG_INFORMATION_FORMAT = "dwarf-with-dsym";
				ENABLE_NS_ASSERTIONS = NO;
				ENABLE_STRICT_OBJC_MSGSEND = YES;
				GCC_C_LANGUAGE_STANDARD = gnu11;
				GCC_NO_COMMON_BLOCKS = YES;
				GCC_WARN_64_TO_32_BIT_CONVERSION = YES;
				GCC_WARN_ABOUT_RETURN_TYPE = YES_ERROR;
				GCC_WARN_UNDECLARED_SELECTOR = YES;
				GCC_WARN_UNINITIALIZED_AUTOS = YES_AGGRESSIVE;
				GCC_WARN_UNUSED_FUNCTION = YES;
				GCC_WARN_UNUSED_VARIABLE = YES;
				IPHONEOS_DEPLOYMENT_TARGET = 16.1;
				MTL_ENABLE_DEBUG_INFO = NO;
				MTL_FAST_MATH = YES;
				SDKROOT = iphoneos;
				SWIFT_COMPILATION_MODE = wholemodule;
				SWIFT_OPTIMIZATION_LEVEL = "-O";
				VALIDATE_PRODUCT = YES;
			};
			name = Release;
		};
		CA380B9929357CBF00288B44 /* Debug */ = {
			isa = XCBuildConfiguration;
			buildSettings = {
				ASSETCATALOG_COMPILER_APPICON_NAME = AppIcon;
				ASSETCATALOG_COMPILER_GLOBAL_ACCENT_COLOR_NAME = AccentColor;
				CODE_SIGN_STYLE = Automatic;
				CURRENT_PROJECT_VERSION = 1;
				DEVELOPMENT_ASSET_PATHS = "\"City Sights App/Preview Content\"";
				DEVELOPMENT_TEAM = 9U8MS35934;
				ENABLE_PREVIEWS = YES;
				GENERATE_INFOPLIST_FILE = YES;
				INFOPLIST_KEY_NSLocationWhenInUseUsageDescription = whatever;
				INFOPLIST_KEY_UIApplicationSceneManifest_Generation = YES;
				INFOPLIST_KEY_UIApplicationSupportsIndirectInputEvents = YES;
				INFOPLIST_KEY_UILaunchScreen_Generation = YES;
				INFOPLIST_KEY_UISupportedInterfaceOrientations_iPad = "UIInterfaceOrientationPortrait UIInterfaceOrientationPortraitUpsideDown UIInterfaceOrientationLandscapeLeft UIInterfaceOrientationLandscapeRight";
				INFOPLIST_KEY_UISupportedInterfaceOrientations_iPhone = "UIInterfaceOrientationPortrait UIInterfaceOrientationLandscapeLeft UIInterfaceOrientationLandscapeRight";
				LD_RUNPATH_SEARCH_PATHS = (
					"$(inherited)",
					"@executable_path/Frameworks",
				);
				MARKETING_VERSION = 1.0;
				PRODUCT_BUNDLE_IDENTIFIER = "com.nan.City-Sights-App";
				PRODUCT_NAME = "$(TARGET_NAME)";
				SWIFT_EMIT_LOC_STRINGS = YES;
				SWIFT_VERSION = 5.0;
				TARGETED_DEVICE_FAMILY = "1,2";
			};
			name = Debug;
		};
		CA380B9A29357CBF00288B44 /* Release */ = {
			isa = XCBuildConfiguration;
			buildSettings = {
				ASSETCATALOG_COMPILER_APPICON_NAME = AppIcon;
				ASSETCATALOG_COMPILER_GLOBAL_ACCENT_COLOR_NAME = AccentColor;
				CODE_SIGN_STYLE = Automatic;
				CURRENT_PROJECT_VERSION = 1;
				DEVELOPMENT_ASSET_PATHS = "\"City Sights App/Preview Content\"";
				DEVELOPMENT_TEAM = 9U8MS35934;
				ENABLE_PREVIEWS = YES;
				GENERATE_INFOPLIST_FILE = YES;
				INFOPLIST_KEY_NSLocationWhenInUseUsageDescription = whatever;
				INFOPLIST_KEY_UIApplicationSceneManifest_Generation = YES;
				INFOPLIST_KEY_UIApplicationSupportsIndirectInputEvents = YES;
				INFOPLIST_KEY_UILaunchScreen_Generation = YES;
				INFOPLIST_KEY_UISupportedInterfaceOrientations_iPad = "UIInterfaceOrientationPortrait UIInterfaceOrientationPortraitUpsideDown UIInterfaceOrientationLandscapeLeft UIInterfaceOrientationLandscapeRight";
				INFOPLIST_KEY_UISupportedInterfaceOrientations_iPhone = "UIInterfaceOrientationPortrait UIInterfaceOrientationLandscapeLeft UIInterfaceOrientationLandscapeRight";
				LD_RUNPATH_SEARCH_PATHS = (
					"$(inherited)",
					"@executable_path/Frameworks",
				);
				MARKETING_VERSION = 1.0;
				PRODUCT_BUNDLE_IDENTIFIER = "com.nan.City-Sights-App";
				PRODUCT_NAME = "$(TARGET_NAME)";
				SWIFT_EMIT_LOC_STRINGS = YES;
				SWIFT_VERSION = 5.0;
				TARGETED_DEVICE_FAMILY = "1,2";
			};
			name = Release;
		};
/* End XCBuildConfiguration section */

/* Begin XCConfigurationList section */
		CA380B8529357CBE00288B44 /* Build configuration list for PBXProject "City Sights App" */ = {
			isa = XCConfigurationList;
			buildConfigurations = (
				CA380B9629357CBF00288B44 /* Debug */,
				CA380B9729357CBF00288B44 /* Release */,
			);
			defaultConfigurationIsVisible = 0;
			defaultConfigurationName = Release;
		};
		CA380B9829357CBF00288B44 /* Build configuration list for PBXNativeTarget "City Sights App" */ = {
			isa = XCConfigurationList;
			buildConfigurations = (
				CA380B9929357CBF00288B44 /* Debug */,
				CA380B9A29357CBF00288B44 /* Release */,
			);
			defaultConfigurationIsVisible = 0;
			defaultConfigurationName = Release;
		};
/* End XCConfigurationList section */
	};
	rootObject = CA380B8229357CBE00288B44 /* Project object */;
}
